// !$*UTF8*$!
{
	archiveVersion = 1;
	classes = {
	};
	objectVersion = 50;
	objects = {

/* Begin PBXBuildFile section */
		A2B0793E4DEC508A991F1F85 /* Pods_CoffeeGoBarista.framework in Frameworks */ = {isa = PBXBuildFile; fileRef = EE7757EB9DE43D824EA3733A /* Pods_CoffeeGoBarista.framework */; };
		EF01CFE3221F5F5C00BC7D13 /* MainCashBoxVC.swift in Sources */ = {isa = PBXBuildFile; fileRef = EF01CFE2221F5F5C00BC7D13 /* MainCashBoxVC.swift */; };
		EF01CFEC22209BFA00BC7D13 /* ConfirmOrderVC.swift in Sources */ = {isa = PBXBuildFile; fileRef = EF01CFEB22209BFA00BC7D13 /* ConfirmOrderVC.swift */; };
		EF14B3BB2138221300EE6854 /* SignInVC.swift in Sources */ = {isa = PBXBuildFile; fileRef = EF14B3BA2138221300EE6854 /* SignInVC.swift */; };
		EF14B3BF213828E400EE6854 /* staticData.swift in Sources */ = {isa = PBXBuildFile; fileRef = EF14B3BE213828E400EE6854 /* staticData.swift */; };
		EF19E00D21F908590005A86A /* WebViewVC.swift in Sources */ = {isa = PBXBuildFile; fileRef = EF19E00C21F908590005A86A /* WebViewVC.swift */; };
		EF1B2FEB21D232A00066A64E /* CoffeeMenuPage.swift in Sources */ = {isa = PBXBuildFile; fileRef = EF1B2FEA21D232A00066A64E /* CoffeeMenuPage.swift */; };
		EF28D43421EA3BBD000C5C5B /* StartVC.swift in Sources */ = {isa = PBXBuildFile; fileRef = EF28D43321EA3BBD000C5C5B /* StartVC.swift */; };
		EF388BC420E7A52900378DA4 /* OrderVC.swift in Sources */ = {isa = PBXBuildFile; fileRef = EF388BC320E7A52900378DA4 /* OrderVC.swift */; };
		EF388BC620E7C5DB00378DA4 /* TimeVC.swift in Sources */ = {isa = PBXBuildFile; fileRef = EF388BC520E7C5DA00378DA4 /* TimeVC.swift */; };
		EF388BC820E92A3100378DA4 /* CashBoxVC.swift in Sources */ = {isa = PBXBuildFile; fileRef = EF388BC720E92A3100378DA4 /* CashBoxVC.swift */; };
		EF388BCE20EA344600378DA4 /* CashboxList.swift in Sources */ = {isa = PBXBuildFile; fileRef = EF388BCD20EA344600378DA4 /* CashboxList.swift */; };
		EF388BD120EA6C8F00378DA4 /* Cell.swift in Sources */ = {isa = PBXBuildFile; fileRef = EF388BCF20EA6C8F00378DA4 /* Cell.swift */; };
		EF388BD220EA6C8F00378DA4 /* Cell.xib in Resources */ = {isa = PBXBuildFile; fileRef = EF388BD020EA6C8F00378DA4 /* Cell.xib */; };
		EF468BFD20E53B41009178B3 /* AppDelegate.swift in Sources */ = {isa = PBXBuildFile; fileRef = EF468BFC20E53B41009178B3 /* AppDelegate.swift */; };
		EF468C0220E53B41009178B3 /* Main.storyboard in Resources */ = {isa = PBXBuildFile; fileRef = EF468C0020E53B41009178B3 /* Main.storyboard */; };
		EF468C0420E53B44009178B3 /* Assets.xcassets in Resources */ = {isa = PBXBuildFile; fileRef = EF468C0320E53B44009178B3 /* Assets.xcassets */; };
		EF468C0720E53B44009178B3 /* LaunchScreen.storyboard in Resources */ = {isa = PBXBuildFile; fileRef = EF468C0520E53B44009178B3 /* LaunchScreen.storyboard */; };
		EF468C1820E77EEB009178B3 /* OrdersList.swift in Sources */ = {isa = PBXBuildFile; fileRef = EF468C1720E77EEB009178B3 /* OrdersList.swift */; };
		EF479FC821D269F3003E78BD /* MenuCells.swift in Sources */ = {isa = PBXBuildFile; fileRef = EF479FC721D269F3003E78BD /* MenuCells.swift */; };
		EF479FCB21D28862003E78BD /* BottleWatherVC.swift in Sources */ = {isa = PBXBuildFile; fileRef = EF479FCA21D28862003E78BD /* BottleWatherVC.swift */; };
		EF479FCD21D28871003E78BD /* PieVC.swift in Sources */ = {isa = PBXBuildFile; fileRef = EF479FCC21D28871003E78BD /* PieVC.swift */; };
		EF479FCF21D28880003E78BD /* HotDrinkVC.swift in Sources */ = {isa = PBXBuildFile; fileRef = EF479FCE21D28880003E78BD /* HotDrinkVC.swift */; };
		EF479FD121D2889A003E78BD /* OtherVC.swift in Sources */ = {isa = PBXBuildFile; fileRef = EF479FD021D2889A003E78BD /* OtherVC.swift */; };
		EF479FD321D2890A003E78BD /* CakeVC.swift in Sources */ = {isa = PBXBuildFile; fileRef = EF479FD221D2890A003E78BD /* CakeVC.swift */; };
		EF479FD821D3FF29003E78BD /* OrderNav.swift in Sources */ = {isa = PBXBuildFile; fileRef = EF479FD721D3FF29003E78BD /* OrderNav.swift */; };
		EF479FDB21D6A810003E78BD /* SettingsVC.swift in Sources */ = {isa = PBXBuildFile; fileRef = EF479FDA21D6A810003E78BD /* SettingsVC.swift */; };
		EF6E658121B8058E003434DD /* GoogleService-Info.plist in Resources */ = {isa = PBXBuildFile; fileRef = EF6E658021B8058E003434DD /* GoogleService-Info.plist */; };
		EFA5EB7F213ADA170020072D /* OrderCell.swift in Sources */ = {isa = PBXBuildFile; fileRef = EFA5EB7E213ADA170020072D /* OrderCell.swift */; };
		EFA5EB81213ADE9E0020072D /* OrderListVC.swift in Sources */ = {isa = PBXBuildFile; fileRef = EFA5EB80213ADE9E0020072D /* OrderListVC.swift */; };
		EFA5EB85213E9B660020072D /* OrderItemsVC.swift in Sources */ = {isa = PBXBuildFile; fileRef = EFA5EB84213E9B660020072D /* OrderItemsVC.swift */; };
		EFA5EB87213EA6420020072D /* OrderItems.swift in Sources */ = {isa = PBXBuildFile; fileRef = EFA5EB86213EA6420020072D /* OrderItems.swift */; };
		EFA75FD421831FF900E84242 /* Elements.swift in Sources */ = {isa = PBXBuildFile; fileRef = EFA75FD321831FF900E84242 /* Elements.swift */; };
		EFA75FD62183220F00E84242 /* Network.swift in Sources */ = {isa = PBXBuildFile; fileRef = EFA75FD52183220F00E84242 /* Network.swift */; };
		EFABEDE0214ED9F20031EF1A /* TFWitoutCursor.swift in Sources */ = {isa = PBXBuildFile; fileRef = EFABEDDF214ED9F20031EF1A /* TFWitoutCursor.swift */; };
		EFAE2A7D21CA7D0400D41F91 /* Interface.swift in Sources */ = {isa = PBXBuildFile; fileRef = EFAE2A7C21CA7D0400D41F91 /* Interface.swift */; };
		EFB3E54B21D2596D00BBC25A /* MenuListVC.swift in Sources */ = {isa = PBXBuildFile; fileRef = EFB3E54A21D2596D00BBC25A /* MenuListVC.swift */; };
		EFD0DB9D21CB18E100D78F03 /* OrderLimitVC.swift in Sources */ = {isa = PBXBuildFile; fileRef = EFD0DB9C21CB18E100D78F03 /* OrderLimitVC.swift */; };
		EFD0DBB621CB1B6700D78F03 /* IQTextView.swift in Sources */ = {isa = PBXBuildFile; fileRef = EFD0DBA021CB1B6700D78F03 /* IQTextView.swift */; };
		EFD0DBB721CB1B6700D78F03 /* IQPreviousNextView.swift in Sources */ = {isa = PBXBuildFile; fileRef = EFD0DBA221CB1B6700D78F03 /* IQPreviousNextView.swift */; };
		EFD0DBB821CB1B6700D78F03 /* IQTitleBarButtonItem.swift in Sources */ = {isa = PBXBuildFile; fileRef = EFD0DBA321CB1B6700D78F03 /* IQTitleBarButtonItem.swift */; };
		EFD0DBB921CB1B6700D78F03 /* IQBarButtonItem.swift in Sources */ = {isa = PBXBuildFile; fileRef = EFD0DBA421CB1B6700D78F03 /* IQBarButtonItem.swift */; };
		EFD0DBBA21CB1B6700D78F03 /* IQToolbar.swift in Sources */ = {isa = PBXBuildFile; fileRef = EFD0DBA521CB1B6700D78F03 /* IQToolbar.swift */; };
		EFD0DBBB21CB1B6700D78F03 /* IQUIView+IQKeyboardToolbar.swift in Sources */ = {isa = PBXBuildFile; fileRef = EFD0DBA621CB1B6700D78F03 /* IQUIView+IQKeyboardToolbar.swift */; };
		EFD0DBBC21CB1B6700D78F03 /* IQInvocation.swift in Sources */ = {isa = PBXBuildFile; fileRef = EFD0DBA721CB1B6700D78F03 /* IQInvocation.swift */; };
		EFD0DBBD21CB1B6700D78F03 /* IQKeyboardManagerConstantsInternal.swift in Sources */ = {isa = PBXBuildFile; fileRef = EFD0DBA921CB1B6700D78F03 /* IQKeyboardManagerConstantsInternal.swift */; };
		EFD0DBBE21CB1B6700D78F03 /* IQKeyboardManagerConstants.swift in Sources */ = {isa = PBXBuildFile; fileRef = EFD0DBAA21CB1B6700D78F03 /* IQKeyboardManagerConstants.swift */; };
		EFD0DBBF21CB1B6700D78F03 /* IQKeyboardManager.bundle in Resources */ = {isa = PBXBuildFile; fileRef = EFD0DBAC21CB1B6700D78F03 /* IQKeyboardManager.bundle */; };
		EFD0DBC021CB1B6700D78F03 /* IQKeyboardReturnKeyHandler.swift in Sources */ = {isa = PBXBuildFile; fileRef = EFD0DBAD21CB1B6700D78F03 /* IQKeyboardReturnKeyHandler.swift */; };
		EFD0DBC121CB1B6700D78F03 /* IQKeyboardManager.swift in Sources */ = {isa = PBXBuildFile; fileRef = EFD0DBAE21CB1B6700D78F03 /* IQKeyboardManager.swift */; };
		EFD0DBC221CB1B6700D78F03 /* IQUIScrollView+Additions.swift in Sources */ = {isa = PBXBuildFile; fileRef = EFD0DBB121CB1B6700D78F03 /* IQUIScrollView+Additions.swift */; };
		EFD0DBC321CB1B6700D78F03 /* IQUIViewController+Additions.swift in Sources */ = {isa = PBXBuildFile; fileRef = EFD0DBB221CB1B6700D78F03 /* IQUIViewController+Additions.swift */; };
		EFD0DBC421CB1B6700D78F03 /* IQUITextFieldView+Additions.swift in Sources */ = {isa = PBXBuildFile; fileRef = EFD0DBB321CB1B6700D78F03 /* IQUITextFieldView+Additions.swift */; };
		EFD0DBC521CB1B6700D78F03 /* IQUIView+Hierarchy.swift in Sources */ = {isa = PBXBuildFile; fileRef = EFD0DBB421CB1B6700D78F03 /* IQUIView+Hierarchy.swift */; };
		EFD0DBC621CB1B6700D78F03 /* IQNSArray+Sort.swift in Sources */ = {isa = PBXBuildFile; fileRef = EFD0DBB521CB1B6700D78F03 /* IQNSArray+Sort.swift */; };
		EFD0DBC821CBC08D00D78F03 /* TImeUtils.swift in Sources */ = {isa = PBXBuildFile; fileRef = EFD0DBC721CBC08D00D78F03 /* TImeUtils.swift */; };
		EFD0DBCA21CBF4B900D78F03 /* Database.swift in Sources */ = {isa = PBXBuildFile; fileRef = EFD0DBC921CBF4B900D78F03 /* Database.swift */; };
		EFD0DBCC21CC2AFC00D78F03 /* CanceledBarista.swift in Sources */ = {isa = PBXBuildFile; fileRef = EFD0DBCB21CC2AFC00D78F03 /* CanceledBarista.swift */; };
		EFD0DBCE21CC2B4700D78F03 /* CanceledClient.swift in Sources */ = {isa = PBXBuildFile; fileRef = EFD0DBCD21CC2B4700D78F03 /* CanceledClient.swift */; };
/* End PBXBuildFile section */

/* Begin PBXFileReference section */
		5082D6700E317AB64ED01236 /* Pods-CoffeeGoBarista.release.xcconfig */ = {isa = PBXFileReference; includeInIndex = 1; lastKnownFileType = text.xcconfig; name = "Pods-CoffeeGoBarista.release.xcconfig"; path = "Pods/Target Support Files/Pods-CoffeeGoBarista/Pods-CoffeeGoBarista.release.xcconfig"; sourceTree = "<group>"; };
		8CC85FA7B9F7F354B7396F40 /* Pods-CoffeeGoBarista.debug.xcconfig */ = {isa = PBXFileReference; includeInIndex = 1; lastKnownFileType = text.xcconfig; name = "Pods-CoffeeGoBarista.debug.xcconfig"; path = "Pods/Target Support Files/Pods-CoffeeGoBarista/Pods-CoffeeGoBarista.debug.xcconfig"; sourceTree = "<group>"; };
		EE7757EB9DE43D824EA3733A /* Pods_CoffeeGoBarista.framework */ = {isa = PBXFileReference; explicitFileType = wrapper.framework; includeInIndex = 0; path = Pods_CoffeeGoBarista.framework; sourceTree = BUILT_PRODUCTS_DIR; };
		EF01CFE2221F5F5C00BC7D13 /* MainCashBoxVC.swift */ = {isa = PBXFileReference; lastKnownFileType = sourcecode.swift; path = MainCashBoxVC.swift; sourceTree = "<group>"; };
		EF01CFEB22209BFA00BC7D13 /* ConfirmOrderVC.swift */ = {isa = PBXFileReference; lastKnownFileType = sourcecode.swift; path = ConfirmOrderVC.swift; sourceTree = "<group>"; };
		EF14B3BA2138221300EE6854 /* SignInVC.swift */ = {isa = PBXFileReference; lastKnownFileType = sourcecode.swift; path = SignInVC.swift; sourceTree = "<group>"; };
		EF14B3BE213828E400EE6854 /* staticData.swift */ = {isa = PBXFileReference; lastKnownFileType = sourcecode.swift; path = staticData.swift; sourceTree = "<group>"; };
		EF19E00C21F908590005A86A /* WebViewVC.swift */ = {isa = PBXFileReference; lastKnownFileType = sourcecode.swift; path = WebViewVC.swift; sourceTree = "<group>"; };
		EF1B2FEA21D232A00066A64E /* CoffeeMenuPage.swift */ = {isa = PBXFileReference; lastKnownFileType = sourcecode.swift; path = CoffeeMenuPage.swift; sourceTree = "<group>"; };
		EF28D43321EA3BBD000C5C5B /* StartVC.swift */ = {isa = PBXFileReference; lastKnownFileType = sourcecode.swift; path = StartVC.swift; sourceTree = "<group>"; };
		EF388BC320E7A52900378DA4 /* OrderVC.swift */ = {isa = PBXFileReference; lastKnownFileType = sourcecode.swift; path = OrderVC.swift; sourceTree = "<group>"; };
		EF388BC520E7C5DA00378DA4 /* TimeVC.swift */ = {isa = PBXFileReference; lastKnownFileType = sourcecode.swift; path = TimeVC.swift; sourceTree = "<group>"; };
		EF388BC720E92A3100378DA4 /* CashBoxVC.swift */ = {isa = PBXFileReference; lastKnownFileType = sourcecode.swift; path = CashBoxVC.swift; sourceTree = "<group>"; };
		EF388BCD20EA344600378DA4 /* CashboxList.swift */ = {isa = PBXFileReference; lastKnownFileType = sourcecode.swift; path = CashboxList.swift; sourceTree = "<group>"; };
		EF388BCF20EA6C8F00378DA4 /* Cell.swift */ = {isa = PBXFileReference; lastKnownFileType = sourcecode.swift; path = Cell.swift; sourceTree = "<group>"; };
		EF388BD020EA6C8F00378DA4 /* Cell.xib */ = {isa = PBXFileReference; lastKnownFileType = file.xib; path = Cell.xib; sourceTree = "<group>"; };
		EF468BF920E53B41009178B3 /* CoffeeGoBarista.app */ = {isa = PBXFileReference; explicitFileType = wrapper.application; includeInIndex = 0; path = CoffeeGoBarista.app; sourceTree = BUILT_PRODUCTS_DIR; };
		EF468BFC20E53B41009178B3 /* AppDelegate.swift */ = {isa = PBXFileReference; lastKnownFileType = sourcecode.swift; path = AppDelegate.swift; sourceTree = "<group>"; };
		EF468C0120E53B41009178B3 /* Base */ = {isa = PBXFileReference; lastKnownFileType = file.storyboard; name = Base; path = Base.lproj/Main.storyboard; sourceTree = "<group>"; };
		EF468C0320E53B44009178B3 /* Assets.xcassets */ = {isa = PBXFileReference; lastKnownFileType = folder.assetcatalog; path = Assets.xcassets; sourceTree = "<group>"; };
		EF468C0620E53B44009178B3 /* Base */ = {isa = PBXFileReference; lastKnownFileType = file.storyboard; name = Base; path = Base.lproj/LaunchScreen.storyboard; sourceTree = "<group>"; };
		EF468C0820E53B44009178B3 /* Info.plist */ = {isa = PBXFileReference; lastKnownFileType = text.plist.xml; path = Info.plist; sourceTree = "<group>"; };
		EF468C1720E77EEB009178B3 /* OrdersList.swift */ = {isa = PBXFileReference; lastKnownFileType = sourcecode.swift; path = OrdersList.swift; sourceTree = "<group>"; };
		EF479FC721D269F3003E78BD /* MenuCells.swift */ = {isa = PBXFileReference; lastKnownFileType = sourcecode.swift; path = MenuCells.swift; sourceTree = "<group>"; };
		EF479FCA21D28862003E78BD /* BottleWatherVC.swift */ = {isa = PBXFileReference; lastKnownFileType = sourcecode.swift; path = BottleWatherVC.swift; sourceTree = "<group>"; };
		EF479FCC21D28871003E78BD /* PieVC.swift */ = {isa = PBXFileReference; lastKnownFileType = sourcecode.swift; path = PieVC.swift; sourceTree = "<group>"; };
		EF479FCE21D28880003E78BD /* HotDrinkVC.swift */ = {isa = PBXFileReference; lastKnownFileType = sourcecode.swift; path = HotDrinkVC.swift; sourceTree = "<group>"; };
		EF479FD021D2889A003E78BD /* OtherVC.swift */ = {isa = PBXFileReference; lastKnownFileType = sourcecode.swift; path = OtherVC.swift; sourceTree = "<group>"; };
		EF479FD221D2890A003E78BD /* CakeVC.swift */ = {isa = PBXFileReference; lastKnownFileType = sourcecode.swift; path = CakeVC.swift; sourceTree = "<group>"; };
		EF479FD721D3FF29003E78BD /* OrderNav.swift */ = {isa = PBXFileReference; lastKnownFileType = sourcecode.swift; path = OrderNav.swift; sourceTree = "<group>"; };
		EF479FD921D58144003E78BD /* CoffeeGoBarista.entitlements */ = {isa = PBXFileReference; lastKnownFileType = text.plist.entitlements; path = CoffeeGoBarista.entitlements; sourceTree = "<group>"; };
		EF479FDA21D6A810003E78BD /* SettingsVC.swift */ = {isa = PBXFileReference; lastKnownFileType = sourcecode.swift; path = SettingsVC.swift; sourceTree = "<group>"; };
		EF6E658021B8058E003434DD /* GoogleService-Info.plist */ = {isa = PBXFileReference; fileEncoding = 4; lastKnownFileType = text.plist.xml; path = "GoogleService-Info.plist"; sourceTree = "<group>"; };
		EFA5EB7E213ADA170020072D /* OrderCell.swift */ = {isa = PBXFileReference; lastKnownFileType = sourcecode.swift; path = OrderCell.swift; sourceTree = "<group>"; };
		EFA5EB80213ADE9E0020072D /* OrderListVC.swift */ = {isa = PBXFileReference; lastKnownFileType = sourcecode.swift; path = OrderListVC.swift; sourceTree = "<group>"; };
		EFA5EB84213E9B660020072D /* OrderItemsVC.swift */ = {isa = PBXFileReference; lastKnownFileType = sourcecode.swift; path = OrderItemsVC.swift; sourceTree = "<group>"; };
		EFA5EB86213EA6420020072D /* OrderItems.swift */ = {isa = PBXFileReference; lastKnownFileType = sourcecode.swift; path = OrderItems.swift; sourceTree = "<group>"; };
		EFA75FD321831FF900E84242 /* Elements.swift */ = {isa = PBXFileReference; lastKnownFileType = sourcecode.swift; path = Elements.swift; sourceTree = "<group>"; };
		EFA75FD52183220F00E84242 /* Network.swift */ = {isa = PBXFileReference; lastKnownFileType = sourcecode.swift; path = Network.swift; sourceTree = "<group>"; };
		EFABEDDF214ED9F20031EF1A /* TFWitoutCursor.swift */ = {isa = PBXFileReference; lastKnownFileType = sourcecode.swift; path = TFWitoutCursor.swift; sourceTree = "<group>"; };
		EFAE2A7C21CA7D0400D41F91 /* Interface.swift */ = {isa = PBXFileReference; lastKnownFileType = sourcecode.swift; path = Interface.swift; sourceTree = "<group>"; };
		EFB3E54A21D2596D00BBC25A /* MenuListVC.swift */ = {isa = PBXFileReference; lastKnownFileType = sourcecode.swift; path = MenuListVC.swift; sourceTree = "<group>"; };
		EFD0DB9C21CB18E100D78F03 /* OrderLimitVC.swift */ = {isa = PBXFileReference; lastKnownFileType = sourcecode.swift; path = OrderLimitVC.swift; sourceTree = "<group>"; };
		EFD0DBA021CB1B6700D78F03 /* IQTextView.swift */ = {isa = PBXFileReference; fileEncoding = 4; lastKnownFileType = sourcecode.swift; path = IQTextView.swift; sourceTree = "<group>"; };
		EFD0DBA221CB1B6700D78F03 /* IQPreviousNextView.swift */ = {isa = PBXFileReference; fileEncoding = 4; lastKnownFileType = sourcecode.swift; path = IQPreviousNextView.swift; sourceTree = "<group>"; };
		EFD0DBA321CB1B6700D78F03 /* IQTitleBarButtonItem.swift */ = {isa = PBXFileReference; fileEncoding = 4; lastKnownFileType = sourcecode.swift; path = IQTitleBarButtonItem.swift; sourceTree = "<group>"; };
		EFD0DBA421CB1B6700D78F03 /* IQBarButtonItem.swift */ = {isa = PBXFileReference; fileEncoding = 4; lastKnownFileType = sourcecode.swift; path = IQBarButtonItem.swift; sourceTree = "<group>"; };
		EFD0DBA521CB1B6700D78F03 /* IQToolbar.swift */ = {isa = PBXFileReference; fileEncoding = 4; lastKnownFileType = sourcecode.swift; path = IQToolbar.swift; sourceTree = "<group>"; };
		EFD0DBA621CB1B6700D78F03 /* IQUIView+IQKeyboardToolbar.swift */ = {isa = PBXFileReference; fileEncoding = 4; lastKnownFileType = sourcecode.swift; path = "IQUIView+IQKeyboardToolbar.swift"; sourceTree = "<group>"; };
		EFD0DBA721CB1B6700D78F03 /* IQInvocation.swift */ = {isa = PBXFileReference; fileEncoding = 4; lastKnownFileType = sourcecode.swift; path = IQInvocation.swift; sourceTree = "<group>"; };
		EFD0DBA921CB1B6700D78F03 /* IQKeyboardManagerConstantsInternal.swift */ = {isa = PBXFileReference; fileEncoding = 4; lastKnownFileType = sourcecode.swift; path = IQKeyboardManagerConstantsInternal.swift; sourceTree = "<group>"; };
		EFD0DBAA21CB1B6700D78F03 /* IQKeyboardManagerConstants.swift */ = {isa = PBXFileReference; fileEncoding = 4; lastKnownFileType = sourcecode.swift; path = IQKeyboardManagerConstants.swift; sourceTree = "<group>"; };
		EFD0DBAC21CB1B6700D78F03 /* IQKeyboardManager.bundle */ = {isa = PBXFileReference; lastKnownFileType = "wrapper.plug-in"; path = IQKeyboardManager.bundle; sourceTree = "<group>"; };
		EFD0DBAD21CB1B6700D78F03 /* IQKeyboardReturnKeyHandler.swift */ = {isa = PBXFileReference; fileEncoding = 4; lastKnownFileType = sourcecode.swift; path = IQKeyboardReturnKeyHandler.swift; sourceTree = "<group>"; };
		EFD0DBAE21CB1B6700D78F03 /* IQKeyboardManager.swift */ = {isa = PBXFileReference; fileEncoding = 4; lastKnownFileType = sourcecode.swift; path = IQKeyboardManager.swift; sourceTree = "<group>"; };
		EFD0DBAF21CB1B6700D78F03 /* IQKeyboardManagerSwift.h */ = {isa = PBXFileReference; fileEncoding = 4; lastKnownFileType = sourcecode.c.h; path = IQKeyboardManagerSwift.h; sourceTree = "<group>"; };
		EFD0DBB121CB1B6700D78F03 /* IQUIScrollView+Additions.swift */ = {isa = PBXFileReference; fileEncoding = 4; lastKnownFileType = sourcecode.swift; path = "IQUIScrollView+Additions.swift"; sourceTree = "<group>"; };
		EFD0DBB221CB1B6700D78F03 /* IQUIViewController+Additions.swift */ = {isa = PBXFileReference; fileEncoding = 4; lastKnownFileType = sourcecode.swift; path = "IQUIViewController+Additions.swift"; sourceTree = "<group>"; };
		EFD0DBB321CB1B6700D78F03 /* IQUITextFieldView+Additions.swift */ = {isa = PBXFileReference; fileEncoding = 4; lastKnownFileType = sourcecode.swift; path = "IQUITextFieldView+Additions.swift"; sourceTree = "<group>"; };
		EFD0DBB421CB1B6700D78F03 /* IQUIView+Hierarchy.swift */ = {isa = PBXFileReference; fileEncoding = 4; lastKnownFileType = sourcecode.swift; path = "IQUIView+Hierarchy.swift"; sourceTree = "<group>"; };
		EFD0DBB521CB1B6700D78F03 /* IQNSArray+Sort.swift */ = {isa = PBXFileReference; fileEncoding = 4; lastKnownFileType = sourcecode.swift; path = "IQNSArray+Sort.swift"; sourceTree = "<group>"; };
		EFD0DBC721CBC08D00D78F03 /* TImeUtils.swift */ = {isa = PBXFileReference; lastKnownFileType = sourcecode.swift; path = TImeUtils.swift; sourceTree = "<group>"; };
		EFD0DBC921CBF4B900D78F03 /* Database.swift */ = {isa = PBXFileReference; lastKnownFileType = sourcecode.swift; path = Database.swift; sourceTree = "<group>"; };
		EFD0DBCB21CC2AFC00D78F03 /* CanceledBarista.swift */ = {isa = PBXFileReference; lastKnownFileType = sourcecode.swift; path = CanceledBarista.swift; sourceTree = "<group>"; };
		EFD0DBCD21CC2B4700D78F03 /* CanceledClient.swift */ = {isa = PBXFileReference; lastKnownFileType = sourcecode.swift; path = CanceledClient.swift; sourceTree = "<group>"; };
/* End PBXFileReference section */

/* Begin PBXFrameworksBuildPhase section */
		EF468BF620E53B41009178B3 /* Frameworks */ = {
			isa = PBXFrameworksBuildPhase;
			buildActionMask = 2147483647;
			files = (
				A2B0793E4DEC508A991F1F85 /* Pods_CoffeeGoBarista.framework in Frameworks */,
			);
			runOnlyForDeploymentPostprocessing = 0;
		};
/* End PBXFrameworksBuildPhase section */

/* Begin PBXGroup section */
		652E469EC0A471693A6C9624 /* Pods */ = {
			isa = PBXGroup;
			children = (
				8CC85FA7B9F7F354B7396F40 /* Pods-CoffeeGoBarista.debug.xcconfig */,
				5082D6700E317AB64ED01236 /* Pods-CoffeeGoBarista.release.xcconfig */,
			);
			name = Pods;
			sourceTree = "<group>";
		};
		87145B2BCBFBE48A3A73401B /* Frameworks */ = {
			isa = PBXGroup;
			children = (
				EE7757EB9DE43D824EA3733A /* Pods_CoffeeGoBarista.framework */,
			);
			name = Frameworks;
			sourceTree = "<group>";
		};
		EF01CFE622209B4700BC7D13 /* CashBox */ = {
			isa = PBXGroup;
			children = (
				EF01CFE2221F5F5C00BC7D13 /* MainCashBoxVC.swift */,
				EF01CFEB22209BFA00BC7D13 /* ConfirmOrderVC.swift */,
			);
			path = CashBox;
			sourceTree = "<group>";
		};
		EF01CFE722209B6400BC7D13 /* Main */ = {
			isa = PBXGroup;
			children = (
				EF388BC320E7A52900378DA4 /* OrderVC.swift */,
				EFA5EB84213E9B660020072D /* OrderItemsVC.swift */,
			);
			path = Main;
			sourceTree = "<group>";
		};
		EF01CFE822209B8500BC7D13 /* CashBoxHistory */ = {
			isa = PBXGroup;
			children = (
				EF388BC720E92A3100378DA4 /* CashBoxVC.swift */,
				EFA5EB80213ADE9E0020072D /* OrderListVC.swift */,
			);
			path = CashBoxHistory;
			sourceTree = "<group>";
		};
		EF01CFE922209BA500BC7D13 /* Settings */ = {
			isa = PBXGroup;
			children = (
				EF388BC520E7C5DA00378DA4 /* TimeVC.swift */,
				EFD0DB9C21CB18E100D78F03 /* OrderLimitVC.swift */,
				EFD0DBCB21CC2AFC00D78F03 /* CanceledBarista.swift */,
				EFD0DBCD21CC2B4700D78F03 /* CanceledClient.swift */,
				EF479FDA21D6A810003E78BD /* SettingsVC.swift */,
				EF19E00C21F908590005A86A /* WebViewVC.swift */,
			);
			path = Settings;
			sourceTree = "<group>";
		};
		EF01CFEA22209BCF00BC7D13 /* Start */ = {
			isa = PBXGroup;
			children = (
				EF14B3BA2138221300EE6854 /* SignInVC.swift */,
				EF28D43321EA3BBD000C5C5B /* StartVC.swift */,
			);
			path = Start;
			sourceTree = "<group>";
		};
		EF468BF020E53B41009178B3 = {
			isa = PBXGroup;
			children = (
				EF468BFB20E53B41009178B3 /* CoffeeGoBarista */,
				EF468BFA20E53B41009178B3 /* Products */,
				652E469EC0A471693A6C9624 /* Pods */,
				87145B2BCBFBE48A3A73401B /* Frameworks */,
			);
			sourceTree = "<group>";
		};
		EF468BFA20E53B41009178B3 /* Products */ = {
			isa = PBXGroup;
			children = (
				EF468BF920E53B41009178B3 /* CoffeeGoBarista.app */,
			);
			name = Products;
			sourceTree = "<group>";
		};
		EF468BFB20E53B41009178B3 /* CoffeeGoBarista */ = {
			isa = PBXGroup;
			children = (
				EF479FD921D58144003E78BD /* CoffeeGoBarista.entitlements */,
				EFD0DB9E21CB1B6700D78F03 /* IQKeyboardManagerSwift */,
				EF468C1620E77E8D009178B3 /* Cells */,
				EF468C1520E77E83009178B3 /* Model */,
				EF468C1420E77E5A009178B3 /* Views */,
				EF468BFC20E53B41009178B3 /* AppDelegate.swift */,
				EF468C0020E53B41009178B3 /* Main.storyboard */,
				EF468C0320E53B44009178B3 /* Assets.xcassets */,
				EF468C0520E53B44009178B3 /* LaunchScreen.storyboard */,
				EF6E658021B8058E003434DD /* GoogleService-Info.plist */,
				EF468C0820E53B44009178B3 /* Info.plist */,
				EF479FD721D3FF29003E78BD /* OrderNav.swift */,
			);
			path = CoffeeGoBarista;
			sourceTree = "<group>";
		};
		EF468C1420E77E5A009178B3 /* Views */ = {
			isa = PBXGroup;
			children = (
				EF01CFEA22209BCF00BC7D13 /* Start */,
				EF01CFE922209BA500BC7D13 /* Settings */,
				EF01CFE822209B8500BC7D13 /* CashBoxHistory */,
				EF01CFE722209B6400BC7D13 /* Main */,
				EF01CFE622209B4700BC7D13 /* CashBox */,
				EF479FC921D275EE003E78BD /* Menu */,
			);
			path = Views;
			sourceTree = "<group>";
		};
		EF468C1520E77E83009178B3 /* Model */ = {
			isa = PBXGroup;
			children = (
				EF14B3BE213828E400EE6854 /* staticData.swift */,
				EFABEDDF214ED9F20031EF1A /* TFWitoutCursor.swift */,
				EFA75FD321831FF900E84242 /* Elements.swift */,
				EFA75FD52183220F00E84242 /* Network.swift */,
				EFAE2A7C21CA7D0400D41F91 /* Interface.swift */,
				EFD0DBC721CBC08D00D78F03 /* TImeUtils.swift */,
				EFD0DBC921CBF4B900D78F03 /* Database.swift */,
			);
			path = Model;
			sourceTree = "<group>";
		};
		EF468C1620E77E8D009178B3 /* Cells */ = {
			isa = PBXGroup;
			children = (
				EF468C1720E77EEB009178B3 /* OrdersList.swift */,
				EF388BCF20EA6C8F00378DA4 /* Cell.swift */,
				EF388BCD20EA344600378DA4 /* CashboxList.swift */,
				EFA5EB7E213ADA170020072D /* OrderCell.swift */,
				EF388BD020EA6C8F00378DA4 /* Cell.xib */,
				EFA5EB86213EA6420020072D /* OrderItems.swift */,
				EF479FC721D269F3003E78BD /* MenuCells.swift */,
			);
			path = Cells;
			sourceTree = "<group>";
		};
		EF479FC921D275EE003E78BD /* Menu */ = {
			isa = PBXGroup;
			children = (
				EFB3E54A21D2596D00BBC25A /* MenuListVC.swift */,
				EF1B2FEA21D232A00066A64E /* CoffeeMenuPage.swift */,
				EF479FCA21D28862003E78BD /* BottleWatherVC.swift */,
				EF479FCC21D28871003E78BD /* PieVC.swift */,
				EF479FCE21D28880003E78BD /* HotDrinkVC.swift */,
				EF479FD021D2889A003E78BD /* OtherVC.swift */,
				EF479FD221D2890A003E78BD /* CakeVC.swift */,
			);
			path = Menu;
			sourceTree = "<group>";
		};
		EFD0DB9E21CB1B6700D78F03 /* IQKeyboardManagerSwift */ = {
			isa = PBXGroup;
			children = (
				EFD0DB9F21CB1B6700D78F03 /* IQTextView */,
				EFD0DBA121CB1B6700D78F03 /* IQToolbar */,
				EFD0DBA821CB1B6700D78F03 /* Constants */,
				EFD0DBAB21CB1B6700D78F03 /* Resources */,
				EFD0DBAD21CB1B6700D78F03 /* IQKeyboardReturnKeyHandler.swift */,
				EFD0DBAE21CB1B6700D78F03 /* IQKeyboardManager.swift */,
				EFD0DBAF21CB1B6700D78F03 /* IQKeyboardManagerSwift.h */,
				EFD0DBB021CB1B6700D78F03 /* Categories */,
			);
			path = IQKeyboardManagerSwift;
			sourceTree = "<group>";
		};
		EFD0DB9F21CB1B6700D78F03 /* IQTextView */ = {
			isa = PBXGroup;
			children = (
				EFD0DBA021CB1B6700D78F03 /* IQTextView.swift */,
			);
			path = IQTextView;
			sourceTree = "<group>";
		};
		EFD0DBA121CB1B6700D78F03 /* IQToolbar */ = {
			isa = PBXGroup;
			children = (
				EFD0DBA221CB1B6700D78F03 /* IQPreviousNextView.swift */,
				EFD0DBA321CB1B6700D78F03 /* IQTitleBarButtonItem.swift */,
				EFD0DBA421CB1B6700D78F03 /* IQBarButtonItem.swift */,
				EFD0DBA521CB1B6700D78F03 /* IQToolbar.swift */,
				EFD0DBA621CB1B6700D78F03 /* IQUIView+IQKeyboardToolbar.swift */,
				EFD0DBA721CB1B6700D78F03 /* IQInvocation.swift */,
			);
			path = IQToolbar;
			sourceTree = "<group>";
		};
		EFD0DBA821CB1B6700D78F03 /* Constants */ = {
			isa = PBXGroup;
			children = (
				EFD0DBA921CB1B6700D78F03 /* IQKeyboardManagerConstantsInternal.swift */,
				EFD0DBAA21CB1B6700D78F03 /* IQKeyboardManagerConstants.swift */,
			);
			path = Constants;
			sourceTree = "<group>";
		};
		EFD0DBAB21CB1B6700D78F03 /* Resources */ = {
			isa = PBXGroup;
			children = (
				EFD0DBAC21CB1B6700D78F03 /* IQKeyboardManager.bundle */,
			);
			path = Resources;
			sourceTree = "<group>";
		};
		EFD0DBB021CB1B6700D78F03 /* Categories */ = {
			isa = PBXGroup;
			children = (
				EFD0DBB121CB1B6700D78F03 /* IQUIScrollView+Additions.swift */,
				EFD0DBB221CB1B6700D78F03 /* IQUIViewController+Additions.swift */,
				EFD0DBB321CB1B6700D78F03 /* IQUITextFieldView+Additions.swift */,
				EFD0DBB421CB1B6700D78F03 /* IQUIView+Hierarchy.swift */,
				EFD0DBB521CB1B6700D78F03 /* IQNSArray+Sort.swift */,
			);
			path = Categories;
			sourceTree = "<group>";
		};
/* End PBXGroup section */

/* Begin PBXNativeTarget section */
		EF468BF820E53B41009178B3 /* CoffeeGoBarista */ = {
			isa = PBXNativeTarget;
			buildConfigurationList = EF468C0B20E53B44009178B3 /* Build configuration list for PBXNativeTarget "CoffeeGoBarista" */;
			buildPhases = (
				BE8046AA1F73010518B60576 /* [CP] Check Pods Manifest.lock */,
				EF468BF520E53B41009178B3 /* Sources */,
				EF468BF620E53B41009178B3 /* Frameworks */,
				EF468BF720E53B41009178B3 /* Resources */,
				C0E94ADC26876C25413803A6 /* [CP] Copy Pods Resources */,
				1FA71223ECC3EAAF8DE4C05C /* [CP] Embed Pods Frameworks */,
			);
			buildRules = (
			);
			dependencies = (
			);
			name = CoffeeGoBarista;
			productName = CoffeeGoBarista;
			productReference = EF468BF920E53B41009178B3 /* CoffeeGoBarista.app */;
			productType = "com.apple.product-type.application";
		};
/* End PBXNativeTarget section */

/* Begin PBXProject section */
		EF468BF120E53B41009178B3 /* Project object */ = {
			isa = PBXProject;
			attributes = {
				LastSwiftUpdateCheck = 0940;
				LastUpgradeCheck = 0940;
				ORGANIZATIONNAME = "Ni VoL";
				TargetAttributes = {
					EF468BF820E53B41009178B3 = {
						CreatedOnToolsVersion = 9.4;
						LastSwiftMigration = 1000;
						SystemCapabilities = {
							com.apple.BackgroundModes = {
								enabled = 1;
							};
							com.apple.Push = {
								enabled = 1;
							};
						};
					};
				};
			};
			buildConfigurationList = EF468BF420E53B41009178B3 /* Build configuration list for PBXProject "CoffeeGoBarista" */;
			compatibilityVersion = "Xcode 9.3";
			developmentRegion = en;
			hasScannedForEncodings = 0;
			knownRegions = (
				en,
				Base,
			);
			mainGroup = EF468BF020E53B41009178B3;
			productRefGroup = EF468BFA20E53B41009178B3 /* Products */;
			projectDirPath = "";
			projectRoot = "";
			targets = (
				EF468BF820E53B41009178B3 /* CoffeeGoBarista */,
			);
		};
/* End PBXProject section */

/* Begin PBXResourcesBuildPhase section */
		EF468BF720E53B41009178B3 /* Resources */ = {
			isa = PBXResourcesBuildPhase;
			buildActionMask = 2147483647;
			files = (
				EF468C0720E53B44009178B3 /* LaunchScreen.storyboard in Resources */,
				EF388BD220EA6C8F00378DA4 /* Cell.xib in Resources */,
				EFD0DBBF21CB1B6700D78F03 /* IQKeyboardManager.bundle in Resources */,
				EF6E658121B8058E003434DD /* GoogleService-Info.plist in Resources */,
				EF468C0420E53B44009178B3 /* Assets.xcassets in Resources */,
				EF468C0220E53B41009178B3 /* Main.storyboard in Resources */,
			);
			runOnlyForDeploymentPostprocessing = 0;
		};
/* End PBXResourcesBuildPhase section */

/* Begin PBXShellScriptBuildPhase section */
		1FA71223ECC3EAAF8DE4C05C /* [CP] Embed Pods Frameworks */ = {
			isa = PBXShellScriptBuildPhase;
			buildActionMask = 2147483647;
			files = (
			);
			inputFileListPaths = (
			);
			inputPaths = (
				"${SRCROOT}/Pods/Target Support Files/Pods-CoffeeGoBarista/Pods-CoffeeGoBarista-frameworks.sh",
				"${BUILT_PRODUCTS_DIR}/Alamofire/Alamofire.framework",
				"${BUILT_PRODUCTS_DIR}/AlamofireImage/AlamofireImage.framework",
				"${BUILT_PRODUCTS_DIR}/CarbonKit/CarbonKit.framework",
				"${BUILT_PRODUCTS_DIR}/Cosmos/Cosmos.framework",
				"${BUILT_PRODUCTS_DIR}/DynamicBlurView/DynamicBlurView.framework",
				"${BUILT_PRODUCTS_DIR}/GoogleToolboxForMac/GoogleToolboxForMac.framework",
				"${BUILT_PRODUCTS_DIR}/HCSStarRatingView/HCSStarRatingView.framework",
				"${BUILT_PRODUCTS_DIR}/Kingfisher/Kingfisher.framework",
				"${BUILT_PRODUCTS_DIR}/NVActivityIndicatorView/NVActivityIndicatorView.framework",
				"${BUILT_PRODUCTS_DIR}/PopupDialog/PopupDialog.framework",
				"${BUILT_PRODUCTS_DIR}/Protobuf/Protobuf.framework",
				"${BUILT_PRODUCTS_DIR}/SQLite.swift/SQLite.framework",
				"${BUILT_PRODUCTS_DIR}/SVProgressHUD/SVProgressHUD.framework",
				"${BUILT_PRODUCTS_DIR}/SeamlessSlideUpScrollView/SeamlessSlideUpScrollView.framework",
				"${BUILT_PRODUCTS_DIR}/SwiftMessages/SwiftMessages.framework",
				"${BUILT_PRODUCTS_DIR}/SwiftyJSON/SwiftyJSON.framework",
				"${BUILT_PRODUCTS_DIR}/Tamamushi/Tamamushi.framework",
				"${BUILT_PRODUCTS_DIR}/Toast-Swift/Toast_Swift.framework",
				"${BUILT_PRODUCTS_DIR}/XLPagerTabStrip/XLPagerTabStrip.framework",
				"${BUILT_PRODUCTS_DIR}/nanopb/nanopb.framework",
			);
			name = "[CP] Embed Pods Frameworks";
			outputFileListPaths = (
			);
			outputPaths = (
				"${TARGET_BUILD_DIR}/${FRAMEWORKS_FOLDER_PATH}/Alamofire.framework",
				"${TARGET_BUILD_DIR}/${FRAMEWORKS_FOLDER_PATH}/AlamofireImage.framework",
				"${TARGET_BUILD_DIR}/${FRAMEWORKS_FOLDER_PATH}/CarbonKit.framework",
				"${TARGET_BUILD_DIR}/${FRAMEWORKS_FOLDER_PATH}/Cosmos.framework",
				"${TARGET_BUILD_DIR}/${FRAMEWORKS_FOLDER_PATH}/DynamicBlurView.framework",
				"${TARGET_BUILD_DIR}/${FRAMEWORKS_FOLDER_PATH}/GoogleToolboxForMac.framework",
				"${TARGET_BUILD_DIR}/${FRAMEWORKS_FOLDER_PATH}/HCSStarRatingView.framework",
				"${TARGET_BUILD_DIR}/${FRAMEWORKS_FOLDER_PATH}/Kingfisher.framework",
				"${TARGET_BUILD_DIR}/${FRAMEWORKS_FOLDER_PATH}/NVActivityIndicatorView.framework",
				"${TARGET_BUILD_DIR}/${FRAMEWORKS_FOLDER_PATH}/PopupDialog.framework",
				"${TARGET_BUILD_DIR}/${FRAMEWORKS_FOLDER_PATH}/Protobuf.framework",
				"${TARGET_BUILD_DIR}/${FRAMEWORKS_FOLDER_PATH}/SQLite.framework",
				"${TARGET_BUILD_DIR}/${FRAMEWORKS_FOLDER_PATH}/SVProgressHUD.framework",
				"${TARGET_BUILD_DIR}/${FRAMEWORKS_FOLDER_PATH}/SeamlessSlideUpScrollView.framework",
				"${TARGET_BUILD_DIR}/${FRAMEWORKS_FOLDER_PATH}/SwiftMessages.framework",
				"${TARGET_BUILD_DIR}/${FRAMEWORKS_FOLDER_PATH}/SwiftyJSON.framework",
				"${TARGET_BUILD_DIR}/${FRAMEWORKS_FOLDER_PATH}/Tamamushi.framework",
				"${TARGET_BUILD_DIR}/${FRAMEWORKS_FOLDER_PATH}/Toast_Swift.framework",
				"${TARGET_BUILD_DIR}/${FRAMEWORKS_FOLDER_PATH}/XLPagerTabStrip.framework",
				"${TARGET_BUILD_DIR}/${FRAMEWORKS_FOLDER_PATH}/nanopb.framework",
			);
			runOnlyForDeploymentPostprocessing = 0;
			shellPath = /bin/sh;
			shellScript = "\"${SRCROOT}/Pods/Target Support Files/Pods-CoffeeGoBarista/Pods-CoffeeGoBarista-frameworks.sh\"\n";
			showEnvVarsInLog = 0;
		};
		BE8046AA1F73010518B60576 /* [CP] Check Pods Manifest.lock */ = {
			isa = PBXShellScriptBuildPhase;
			buildActionMask = 2147483647;
			files = (
			);
			inputPaths = (
				"${PODS_PODFILE_DIR_PATH}/Podfile.lock",
				"${PODS_ROOT}/Manifest.lock",
			);
			name = "[CP] Check Pods Manifest.lock";
			outputPaths = (
				"$(DERIVED_FILE_DIR)/Pods-CoffeeGoBarista-checkManifestLockResult.txt",
			);
			runOnlyForDeploymentPostprocessing = 0;
			shellPath = /bin/sh;
			shellScript = "diff \"${PODS_PODFILE_DIR_PATH}/Podfile.lock\" \"${PODS_ROOT}/Manifest.lock\" > /dev/null\nif [ $? != 0 ] ; then\n    # print error to STDERR\n    echo \"error: The sandbox is not in sync with the Podfile.lock. Run 'pod install' or update your CocoaPods installation.\" >&2\n    exit 1\nfi\n# This output is used by Xcode 'outputs' to avoid re-running this script phase.\necho \"SUCCESS\" > \"${SCRIPT_OUTPUT_FILE_0}\"\n";
			showEnvVarsInLog = 0;
		};
		C0E94ADC26876C25413803A6 /* [CP] Copy Pods Resources */ = {
			isa = PBXShellScriptBuildPhase;
			buildActionMask = 2147483647;
			files = (
			);
			inputPaths = (
				"${SRCROOT}/Pods/Target Support Files/Pods-CoffeeGoBarista/Pods-CoffeeGoBarista-resources.sh",
				"${PODS_ROOT}/GoogleMaps/Maps/Frameworks/GoogleMaps.framework/Resources/GoogleMaps.bundle",
			);
			name = "[CP] Copy Pods Resources";
			outputPaths = (
				"${TARGET_BUILD_DIR}/${UNLOCALIZED_RESOURCES_FOLDER_PATH}/GoogleMaps.bundle",
			);
			runOnlyForDeploymentPostprocessing = 0;
			shellPath = /bin/sh;
			shellScript = "\"${SRCROOT}/Pods/Target Support Files/Pods-CoffeeGoBarista/Pods-CoffeeGoBarista-resources.sh\"\n";
			showEnvVarsInLog = 0;
		};
/* End PBXShellScriptBuildPhase section */

/* Begin PBXSourcesBuildPhase section */
		EF468BF520E53B41009178B3 /* Sources */ = {
			isa = PBXSourcesBuildPhase;
			buildActionMask = 2147483647;
			files = (
				EF479FC821D269F3003E78BD /* MenuCells.swift in Sources */,
				EF468C1820E77EEB009178B3 /* OrdersList.swift in Sources */,
				EF19E00D21F908590005A86A /* WebViewVC.swift in Sources */,
				EF1B2FEB21D232A00066A64E /* CoffeeMenuPage.swift in Sources */,
				EFD0DBBE21CB1B6700D78F03 /* IQKeyboardManagerConstants.swift in Sources */,
				EFD0DBC021CB1B6700D78F03 /* IQKeyboardReturnKeyHandler.swift in Sources */,
				EF479FDB21D6A810003E78BD /* SettingsVC.swift in Sources */,
				EFA5EB7F213ADA170020072D /* OrderCell.swift in Sources */,
				EF479FD121D2889A003E78BD /* OtherVC.swift in Sources */,
				EFD0DBC621CB1B6700D78F03 /* IQNSArray+Sort.swift in Sources */,
				EFD0DBB921CB1B6700D78F03 /* IQBarButtonItem.swift in Sources */,
				EFD0DBCA21CBF4B900D78F03 /* Database.swift in Sources */,
				EF388BC620E7C5DB00378DA4 /* TimeVC.swift in Sources */,
				EFD0DBC421CB1B6700D78F03 /* IQUITextFieldView+Additions.swift in Sources */,
				EFABEDE0214ED9F20031EF1A /* TFWitoutCursor.swift in Sources */,
				EFAE2A7D21CA7D0400D41F91 /* Interface.swift in Sources */,
				EFD0DBBB21CB1B6700D78F03 /* IQUIView+IQKeyboardToolbar.swift in Sources */,
				EFA5EB85213E9B660020072D /* OrderItemsVC.swift in Sources */,
				EF479FCF21D28880003E78BD /* HotDrinkVC.swift in Sources */,
				EFD0DBB821CB1B6700D78F03 /* IQTitleBarButtonItem.swift in Sources */,
				EF01CFE3221F5F5C00BC7D13 /* MainCashBoxVC.swift in Sources */,
				EFD0DBBA21CB1B6700D78F03 /* IQToolbar.swift in Sources */,
				EF01CFEC22209BFA00BC7D13 /* ConfirmOrderVC.swift in Sources */,
				EF14B3BB2138221300EE6854 /* SignInVC.swift in Sources */,
				EFD0DBBD21CB1B6700D78F03 /* IQKeyboardManagerConstantsInternal.swift in Sources */,
				EF479FCB21D28862003E78BD /* BottleWatherVC.swift in Sources */,
				EFD0DBCC21CC2AFC00D78F03 /* CanceledBarista.swift in Sources */,
				EFA5EB81213ADE9E0020072D /* OrderListVC.swift in Sources */,
				EF388BD120EA6C8F00378DA4 /* Cell.swift in Sources */,
				EFB3E54B21D2596D00BBC25A /* MenuListVC.swift in Sources */,
				EF479FD321D2890A003E78BD /* CakeVC.swift in Sources */,
				EFD0DB9D21CB18E100D78F03 /* OrderLimitVC.swift in Sources */,
				EFA75FD421831FF900E84242 /* Elements.swift in Sources */,
				EFA5EB87213EA6420020072D /* OrderItems.swift in Sources */,
				EFD0DBCE21CC2B4700D78F03 /* CanceledClient.swift in Sources */,
				EF14B3BF213828E400EE6854 /* staticData.swift in Sources */,
				EF388BCE20EA344600378DA4 /* CashboxList.swift in Sources */,
				EFD0DBC521CB1B6700D78F03 /* IQUIView+Hierarchy.swift in Sources */,
				EF468BFD20E53B41009178B3 /* AppDelegate.swift in Sources */,
				EFD0DBC321CB1B6700D78F03 /* IQUIViewController+Additions.swift in Sources */,
				EFD0DBC821CBC08D00D78F03 /* TImeUtils.swift in Sources */,
				EFD0DBC121CB1B6700D78F03 /* IQKeyboardManager.swift in Sources */,
				EFD0DBC221CB1B6700D78F03 /* IQUIScrollView+Additions.swift in Sources */,
				EFD0DBBC21CB1B6700D78F03 /* IQInvocation.swift in Sources */,
				EFA75FD62183220F00E84242 /* Network.swift in Sources */,
				EF479FCD21D28871003E78BD /* PieVC.swift in Sources */,
				EFD0DBB721CB1B6700D78F03 /* IQPreviousNextView.swift in Sources */,
				EF388BC820E92A3100378DA4 /* CashBoxVC.swift in Sources */,
				EFD0DBB621CB1B6700D78F03 /* IQTextView.swift in Sources */,
				EF28D43421EA3BBD000C5C5B /* StartVC.swift in Sources */,
				EF388BC420E7A52900378DA4 /* OrderVC.swift in Sources */,
				EF479FD821D3FF29003E78BD /* OrderNav.swift in Sources */,
			);
			runOnlyForDeploymentPostprocessing = 0;
		};
/* End PBXSourcesBuildPhase section */

/* Begin PBXVariantGroup section */
		EF468C0020E53B41009178B3 /* Main.storyboard */ = {
			isa = PBXVariantGroup;
			children = (
				EF468C0120E53B41009178B3 /* Base */,
			);
			name = Main.storyboard;
			sourceTree = "<group>";
		};
		EF468C0520E53B44009178B3 /* LaunchScreen.storyboard */ = {
			isa = PBXVariantGroup;
			children = (
				EF468C0620E53B44009178B3 /* Base */,
			);
			name = LaunchScreen.storyboard;
			sourceTree = "<group>";
		};
/* End PBXVariantGroup section */

/* Begin XCBuildConfiguration section */
		EF468C0920E53B44009178B3 /* Debug */ = {
			isa = XCBuildConfiguration;
			buildSettings = {
				ALWAYS_SEARCH_USER_PATHS = NO;
				CLANG_ANALYZER_NONNULL = YES;
				CLANG_ANALYZER_NUMBER_OBJECT_CONVERSION = YES_AGGRESSIVE;
				CLANG_CXX_LANGUAGE_STANDARD = "gnu++14";
				CLANG_CXX_LIBRARY = "libc++";
				CLANG_ENABLE_MODULES = YES;
				CLANG_ENABLE_OBJC_ARC = YES;
				CLANG_ENABLE_OBJC_WEAK = YES;
				CLANG_WARN_BLOCK_CAPTURE_AUTORELEASING = YES;
				CLANG_WARN_BOOL_CONVERSION = YES;
				CLANG_WARN_COMMA = YES;
				CLANG_WARN_CONSTANT_CONVERSION = YES;
				CLANG_WARN_DEPRECATED_OBJC_IMPLEMENTATIONS = YES;
				CLANG_WARN_DIRECT_OBJC_ISA_USAGE = YES_ERROR;
				CLANG_WARN_DOCUMENTATION_COMMENTS = YES;
				CLANG_WARN_EMPTY_BODY = YES;
				CLANG_WARN_ENUM_CONVERSION = YES;
				CLANG_WARN_INFINITE_RECURSION = YES;
				CLANG_WARN_INT_CONVERSION = YES;
				CLANG_WARN_NON_LITERAL_NULL_CONVERSION = YES;
				CLANG_WARN_OBJC_IMPLICIT_RETAIN_SELF = YES;
				CLANG_WARN_OBJC_LITERAL_CONVERSION = YES;
				CLANG_WARN_OBJC_ROOT_CLASS = YES_ERROR;
				CLANG_WARN_RANGE_LOOP_ANALYSIS = YES;
				CLANG_WARN_STRICT_PROTOTYPES = YES;
				CLANG_WARN_SUSPICIOUS_MOVE = YES;
				CLANG_WARN_UNGUARDED_AVAILABILITY = YES_AGGRESSIVE;
				CLANG_WARN_UNREACHABLE_CODE = YES;
				CLANG_WARN__DUPLICATE_METHOD_MATCH = YES;
				CODE_SIGN_IDENTITY = "iPhone Developer";
				COPY_PHASE_STRIP = NO;
				DEBUG_INFORMATION_FORMAT = dwarf;
				ENABLE_STRICT_OBJC_MSGSEND = YES;
				ENABLE_TESTABILITY = YES;
				GCC_C_LANGUAGE_STANDARD = gnu11;
				GCC_DYNAMIC_NO_PIC = NO;
				GCC_NO_COMMON_BLOCKS = YES;
				GCC_OPTIMIZATION_LEVEL = 0;
				GCC_PREPROCESSOR_DEFINITIONS = (
					"DEBUG=1",
					"$(inherited)",
				);
				GCC_WARN_64_TO_32_BIT_CONVERSION = YES;
				GCC_WARN_ABOUT_RETURN_TYPE = YES_ERROR;
				GCC_WARN_UNDECLARED_SELECTOR = YES;
				GCC_WARN_UNINITIALIZED_AUTOS = YES_AGGRESSIVE;
				GCC_WARN_UNUSED_FUNCTION = YES;
				GCC_WARN_UNUSED_VARIABLE = YES;
				IPHONEOS_DEPLOYMENT_TARGET = 11.4;
				MTL_ENABLE_DEBUG_INFO = YES;
				ONLY_ACTIVE_ARCH = YES;
				SDKROOT = iphoneos;
				SWIFT_ACTIVE_COMPILATION_CONDITIONS = DEBUG;
				SWIFT_OPTIMIZATION_LEVEL = "-Onone";
			};
			name = Debug;
		};
		EF468C0A20E53B44009178B3 /* Release */ = {
			isa = XCBuildConfiguration;
			buildSettings = {
				ALWAYS_SEARCH_USER_PATHS = NO;
				CLANG_ANALYZER_NONNULL = YES;
				CLANG_ANALYZER_NUMBER_OBJECT_CONVERSION = YES_AGGRESSIVE;
				CLANG_CXX_LANGUAGE_STANDARD = "gnu++14";
				CLANG_CXX_LIBRARY = "libc++";
				CLANG_ENABLE_MODULES = YES;
				CLANG_ENABLE_OBJC_ARC = YES;
				CLANG_ENABLE_OBJC_WEAK = YES;
				CLANG_WARN_BLOCK_CAPTURE_AUTORELEASING = YES;
				CLANG_WARN_BOOL_CONVERSION = YES;
				CLANG_WARN_COMMA = YES;
				CLANG_WARN_CONSTANT_CONVERSION = YES;
				CLANG_WARN_DEPRECATED_OBJC_IMPLEMENTATIONS = YES;
				CLANG_WARN_DIRECT_OBJC_ISA_USAGE = YES_ERROR;
				CLANG_WARN_DOCUMENTATION_COMMENTS = YES;
				CLANG_WARN_EMPTY_BODY = YES;
				CLANG_WARN_ENUM_CONVERSION = YES;
				CLANG_WARN_INFINITE_RECURSION = YES;
				CLANG_WARN_INT_CONVERSION = YES;
				CLANG_WARN_NON_LITERAL_NULL_CONVERSION = YES;
				CLANG_WARN_OBJC_IMPLICIT_RETAIN_SELF = YES;
				CLANG_WARN_OBJC_LITERAL_CONVERSION = YES;
				CLANG_WARN_OBJC_ROOT_CLASS = YES_ERROR;
				CLANG_WARN_RANGE_LOOP_ANALYSIS = YES;
				CLANG_WARN_STRICT_PROTOTYPES = YES;
				CLANG_WARN_SUSPICIOUS_MOVE = YES;
				CLANG_WARN_UNGUARDED_AVAILABILITY = YES_AGGRESSIVE;
				CLANG_WARN_UNREACHABLE_CODE = YES;
				CLANG_WARN__DUPLICATE_METHOD_MATCH = YES;
				CODE_SIGN_IDENTITY = "iPhone Developer";
				COPY_PHASE_STRIP = NO;
				DEBUG_INFORMATION_FORMAT = "dwarf-with-dsym";
				ENABLE_NS_ASSERTIONS = NO;
				ENABLE_STRICT_OBJC_MSGSEND = YES;
				GCC_C_LANGUAGE_STANDARD = gnu11;
				GCC_NO_COMMON_BLOCKS = YES;
				GCC_WARN_64_TO_32_BIT_CONVERSION = YES;
				GCC_WARN_ABOUT_RETURN_TYPE = YES_ERROR;
				GCC_WARN_UNDECLARED_SELECTOR = YES;
				GCC_WARN_UNINITIALIZED_AUTOS = YES_AGGRESSIVE;
				GCC_WARN_UNUSED_FUNCTION = YES;
				GCC_WARN_UNUSED_VARIABLE = YES;
				IPHONEOS_DEPLOYMENT_TARGET = 11.4;
				MTL_ENABLE_DEBUG_INFO = NO;
				SDKROOT = iphoneos;
				SWIFT_COMPILATION_MODE = wholemodule;
				SWIFT_OPTIMIZATION_LEVEL = "-O";
				VALIDATE_PRODUCT = YES;
			};
			name = Release;
		};
		EF468C0C20E53B44009178B3 /* Debug */ = {
			isa = XCBuildConfiguration;
			baseConfigurationReference = 8CC85FA7B9F7F354B7396F40 /* Pods-CoffeeGoBarista.debug.xcconfig */;
			buildSettings = {
				ASSETCATALOG_COMPILER_APPICON_NAME = AppIcon;
				CODE_SIGN_ENTITLEMENTS = CoffeeGoBarista/CoffeeGoBarista.entitlements;
				CODE_SIGN_IDENTITY = "iPhone Developer";
				CODE_SIGN_STYLE = Manual;
				DEVELOPMENT_TEAM = 933F83CUZH;
				INFOPLIST_FILE = CoffeeGoBarista/Info.plist;
				IPHONEOS_DEPLOYMENT_TARGET = 9.0;
				LD_RUNPATH_SEARCH_PATHS = (
					"$(inherited)",
					"@executable_path/Frameworks",
				);
				PRODUCT_BUNDLE_IDENTIFIER = com.CoffeeGo.CoffeeGoBarista;
				PRODUCT_NAME = "$(TARGET_NAME)";
				PROVISIONING_PROFILE_SPECIFIER = CoffeeGoBaristaDev;
				SWIFT_VERSION = 4.0;
				TARGETED_DEVICE_FAMILY = "1,2";
			};
			name = Debug;
		};
		EF468C0D20E53B44009178B3 /* Release */ = {
			isa = XCBuildConfiguration;
			baseConfigurationReference = 5082D6700E317AB64ED01236 /* Pods-CoffeeGoBarista.release.xcconfig */;
			buildSettings = {
				ASSETCATALOG_COMPILER_APPICON_NAME = AppIcon;
				CODE_SIGN_ENTITLEMENTS = CoffeeGoBarista/CoffeeGoBarista.entitlements;
				CODE_SIGN_IDENTITY = "iPhone Developer";
				CODE_SIGN_STYLE = Manual;
				DEVELOPMENT_TEAM = 933F83CUZH;
				INFOPLIST_FILE = CoffeeGoBarista/Info.plist;
				IPHONEOS_DEPLOYMENT_TARGET = 9.0;
				LD_RUNPATH_SEARCH_PATHS = (
					"$(inherited)",
					"@executable_path/Frameworks",
				);
				PRODUCT_BUNDLE_IDENTIFIER = com.CoffeeGo.CoffeeGoBarista;
				PRODUCT_NAME = "$(TARGET_NAME)";
				PROVISIONING_PROFILE_SPECIFIER = CoffeeGoBaristaDev;
				SWIFT_VERSION = 4.0;
				TARGETED_DEVICE_FAMILY = "1,2";
			};
			name = Release;
		};
/* End XCBuildConfiguration section */

/* Begin XCConfigurationList section */
		EF468BF420E53B41009178B3 /* Build configuration list for PBXProject "CoffeeGoBarista" */ = {
			isa = XCConfigurationList;
			buildConfigurations = (
				EF468C0920E53B44009178B3 /* Debug */,
				EF468C0A20E53B44009178B3 /* Release */,
			);
			defaultConfigurationIsVisible = 0;
			defaultConfigurationName = Release;
		};
		EF468C0B20E53B44009178B3 /* Build configuration list for PBXNativeTarget "CoffeeGoBarista" */ = {
			isa = XCConfigurationList;
			buildConfigurations = (
				EF468C0C20E53B44009178B3 /* Debug */,
				EF468C0D20E53B44009178B3 /* Release */,
			);
			defaultConfigurationIsVisible = 0;
			defaultConfigurationName = Release;
		};
/* End XCConfigurationList section */
	};
	rootObject = EF468BF120E53B41009178B3 /* Project object */;
}
